
Microsoft Visual Studio Solution File, Format Version 12.00
Project("{2150E333-8FDC-42A3-9474-1A3956D46DE8}") = "User", "User", "{F8868C59-5570-48E3-8106-A4D594601E4C}"
EndProject
Project("{2150E333-8FDC-42A3-9474-1A3956D46DE8}") = "Payment", "Payment", "{E4DDF6D6-DCCB-4512-B90C-A3F9C5579965}"
EndProject
Project("{2150E333-8FDC-42A3-9474-1A3956D46DE8}") = "Product", "Product", "{E1F0F96A-A0E0-405E-8856-5208AAE9C866}"
EndProject
Project("{2150E333-8FDC-42A3-9474-1A3956D46DE8}") = "Order", "Order", "{D8488F87-9F8E-4F59-8AC2-6227CC1AF545}"
EndProject
Project("{FAE04EC0-301F-11D3-BF4B-00C04F79EFBC}") = "Payment.Web", "Payment\Payment.Web.csproj", "{03358DBE-DA3F-4E98-9B0D-B40A3644AC21}"
EndProject
Project("{FAE04EC0-301F-11D3-BF4B-00C04F79EFBC}") = "Product.web", "Product\Product.web.csproj", "{7CEE6369-3FC4-448A-84A9-81A7963EEAEC}"
EndProject
Project("{FAE04EC0-301F-11D3-BF4B-00C04F79EFBC}") = "User.Web", "User\User.Web.csproj", "{4EAC9344-8ECE-4DD5-BA3D-53C9DD80F01A}"
EndProject
Project("{FAE04EC0-301F-11D3-BF4B-00C04F79EFBC}") = "Core", "User\Core\Core.csproj", "{42B7269F-83A9-4B09-906D-39B8501D7A30}"
EndProject
Project("{FAE04EC0-301F-11D3-BF4B-00C04F79EFBC}") = "Infra", "User\Infra\Infra.csproj", "{B5FA3494-0627-4F0C-BC55-94B248149380}"
EndProject
Project("{2150E333-8FDC-42A3-9474-1A3956D46DE8}") = "Shared", "Shared", "{7EC69B45-2B27-42BD-8AC1-0CE7A95B6CA1}"
EndProject
Project("{FAE04EC0-301F-11D3-BF4B-00C04F79EFBC}") = "Shared", "Shared\Shared.csproj", "{2FA99900-AA55-4ACB-95CF-B8EAFB5E482F}"
EndProject
Project("{FAE04EC0-301F-11D3-BF4B-00C04F79EFBC}") = "Shared.Core", "Shared\Shared.Core\Shared.Core.csproj", "{9A158C51-908A-400B-9CAF-1427076D7857}"
EndProject
Project("{FAE04EC0-301F-11D3-BF4B-00C04F79EFBC}") = "Product.Core", "Product\core\Product.Core\Product.Core.csproj", "{6B539E8C-EC8A-4BF7-A193-C05DE6AF674F}"
EndProject
Project("{FAE04EC0-301F-11D3-BF4B-00C04F79EFBC}") = "Product.Infra", "Product\core\Product.Infra\Product.Infra.csproj", "{920F1CF2-EF4E-46DD-82C9-3A93AC95B61D}"
EndProject
Project("{FAE04EC0-301F-11D3-BF4B-00C04F79EFBC}") = "Order.Web", "Order\Order.Web\Order.Web.csproj", "{4771F436-F68D-4023-9304-5206CAE21617}"
EndProject
Project("{FAE04EC0-301F-11D3-BF4B-00C04F79EFBC}") = "Order.Core", "Order\Order.Core\Order.Core.csproj", "{9FA87754-0EE8-4E1E-B1F5-32400190BE11}"
EndProject
Project("{FAE04EC0-301F-11D3-BF4B-00C04F79EFBC}") = "Order.Infra", "Order\Order.Infra\Order.Infra.csproj", "{6974DBEC-C24E-42E7-A670-7BE651C4CDAB}"
EndProject
Project("{FAE04EC0-301F-11D3-BF4B-00C04F79EFBC}") = "Shared.Bus", "Shared\Shared.Bus\Shared.Bus.csproj", "{7D604417-6952-4E7A-A376-9FFF13254B41}"
EndProject
Project("{2150E333-8FDC-42A3-9474-1A3956D46DE8}") = "Docker", "Docker", "{2E151924-7671-44A6-9556-7F8BB2053E0A}"
	ProjectSection(SolutionItems) = preProject
		Docker\compose.yaml = Docker\compose.yaml
	EndProjectSection
EndProject
Project("{FAE04EC0-301F-11D3-BF4B-00C04F79EFBC}") = "Shared.Contracts", "Shared\Contracts\Shared.Contracts\Shared.Contracts.csproj", "{485029D0-F4BB-4A56-9732-AC1618F8DB1B}"
EndProject
Global
	GlobalSection(SolutionConfigurationPlatforms) = preSolution
		Debug|Any CPU = Debug|Any CPU
		Release|Any CPU = Release|Any CPU
	EndGlobalSection
	GlobalSection(NestedProjects) = preSolution
		{03358DBE-DA3F-4E98-9B0D-B40A3644AC21} = {E4DDF6D6-DCCB-4512-B90C-A3F9C5579965}
		{7CEE6369-3FC4-448A-84A9-81A7963EEAEC} = {E1F0F96A-A0E0-405E-8856-5208AAE9C866}
		{4EAC9344-8ECE-4DD5-BA3D-53C9DD80F01A} = {F8868C59-5570-48E3-8106-A4D594601E4C}
		{42B7269F-83A9-4B09-906D-39B8501D7A30} = {F8868C59-5570-48E3-8106-A4D594601E4C}
		{B5FA3494-0627-4F0C-BC55-94B248149380} = {F8868C59-5570-48E3-8106-A4D594601E4C}
		{2FA99900-AA55-4ACB-95CF-B8EAFB5E482F} = {7EC69B45-2B27-42BD-8AC1-0CE7A95B6CA1}
		{9A158C51-908A-400B-9CAF-1427076D7857} = {7EC69B45-2B27-42BD-8AC1-0CE7A95B6CA1}
		{6B539E8C-EC8A-4BF7-A193-C05DE6AF674F} = {E1F0F96A-A0E0-405E-8856-5208AAE9C866}
		{920F1CF2-EF4E-46DD-82C9-3A93AC95B61D} = {E1F0F96A-A0E0-405E-8856-5208AAE9C866}
		{4771F436-F68D-4023-9304-5206CAE21617} = {D8488F87-9F8E-4F59-8AC2-6227CC1AF545}
		{9FA87754-0EE8-4E1E-B1F5-32400190BE11} = {D8488F87-9F8E-4F59-8AC2-6227CC1AF545}
		{6974DBEC-C24E-42E7-A670-7BE651C4CDAB} = {D8488F87-9F8E-4F59-8AC2-6227CC1AF545}
		{7D604417-6952-4E7A-A376-9FFF13254B41} = {7EC69B45-2B27-42BD-8AC1-0CE7A95B6CA1}
		{485029D0-F4BB-4A56-9732-AC1618F8DB1B} = {7EC69B45-2B27-42BD-8AC1-0CE7A95B6CA1}
	EndGlobalSection
	GlobalSection(ProjectConfigurationPlatforms) = postSolution
		{03358DBE-DA3F-4E98-9B0D-B40A3644AC21}.Debug|Any CPU.ActiveCfg = Debug|Any CPU
		{03358DBE-DA3F-4E98-9B0D-B40A3644AC21}.Debug|Any CPU.Build.0 = Debug|Any CPU
		{03358DBE-DA3F-4E98-9B0D-B40A3644AC21}.Release|Any CPU.ActiveCfg = Release|Any CPU
		{03358DBE-DA3F-4E98-9B0D-B40A3644AC21}.Release|Any CPU.Build.0 = Release|Any CPU
		{7CEE6369-3FC4-448A-84A9-81A7963EEAEC}.Debug|Any CPU.ActiveCfg = Debug|Any CPU
		{7CEE6369-3FC4-448A-84A9-81A7963EEAEC}.Debug|Any CPU.Build.0 = Debug|Any CPU
		{7CEE6369-3FC4-448A-84A9-81A7963EEAEC}.Release|Any CPU.ActiveCfg = Release|Any CPU
		{7CEE6369-3FC4-448A-84A9-81A7963EEAEC}.Release|Any CPU.Build.0 = Release|Any CPU
		{4EAC9344-8ECE-4DD5-BA3D-53C9DD80F01A}.Debug|Any CPU.ActiveCfg = Debug|Any CPU
		{4EAC9344-8ECE-4DD5-BA3D-53C9DD80F01A}.Debug|Any CPU.Build.0 = Debug|Any CPU
		{4EAC9344-8ECE-4DD5-BA3D-53C9DD80F01A}.Release|Any CPU.ActiveCfg = Release|Any CPU
		{4EAC9344-8ECE-4DD5-BA3D-53C9DD80F01A}.Release|Any CPU.Build.0 = Release|Any CPU
		{42B7269F-83A9-4B09-906D-39B8501D7A30}.Debug|Any CPU.ActiveCfg = Debug|Any CPU
		{42B7269F-83A9-4B09-906D-39B8501D7A30}.Debug|Any CPU.Build.0 = Debug|Any CPU
		{42B7269F-83A9-4B09-906D-39B8501D7A30}.Release|Any CPU.ActiveCfg = Release|Any CPU
		{42B7269F-83A9-4B09-906D-39B8501D7A30}.Release|Any CPU.Build.0 = Release|Any CPU
		{B5FA3494-0627-4F0C-BC55-94B248149380}.Debug|Any CPU.ActiveCfg = Debug|Any CPU
		{B5FA3494-0627-4F0C-BC55-94B248149380}.Debug|Any CPU.Build.0 = Debug|Any CPU
		{B5FA3494-0627-4F0C-BC55-94B248149380}.Release|Any CPU.ActiveCfg = Release|Any CPU
		{B5FA3494-0627-4F0C-BC55-94B248149380}.Release|Any CPU.Build.0 = Release|Any CPU
		{2FA99900-AA55-4ACB-95CF-B8EAFB5E482F}.Debug|Any CPU.ActiveCfg = Debug|Any CPU
		{2FA99900-AA55-4ACB-95CF-B8EAFB5E482F}.Debug|Any CPU.Build.0 = Debug|Any CPU
		{2FA99900-AA55-4ACB-95CF-B8EAFB5E482F}.Release|Any CPU.ActiveCfg = Release|Any CPU
		{2FA99900-AA55-4ACB-95CF-B8EAFB5E482F}.Release|Any CPU.Build.0 = Release|Any CPU
		{9A158C51-908A-400B-9CAF-1427076D7857}.Debug|Any CPU.ActiveCfg = Debug|Any CPU
		{9A158C51-908A-400B-9CAF-1427076D7857}.Debug|Any CPU.Build.0 = Debug|Any CPU
		{9A158C51-908A-400B-9CAF-1427076D7857}.Release|Any CPU.ActiveCfg = Release|Any CPU
		{9A158C51-908A-400B-9CAF-1427076D7857}.Release|Any CPU.Build.0 = Release|Any CPU
		{6B539E8C-EC8A-4BF7-A193-C05DE6AF674F}.Debug|Any CPU.ActiveCfg = Debug|Any CPU
		{6B539E8C-EC8A-4BF7-A193-C05DE6AF674F}.Debug|Any CPU.Build.0 = Debug|Any CPU
		{6B539E8C-EC8A-4BF7-A193-C05DE6AF674F}.Release|Any CPU.ActiveCfg = Release|Any CPU
		{6B539E8C-EC8A-4BF7-A193-C05DE6AF674F}.Release|Any CPU.Build.0 = Release|Any CPU
		{920F1CF2-EF4E-46DD-82C9-3A93AC95B61D}.Debug|Any CPU.ActiveCfg = Debug|Any CPU
		{920F1CF2-EF4E-46DD-82C9-3A93AC95B61D}.Debug|Any CPU.Build.0 = Debug|Any CPU
		{920F1CF2-EF4E-46DD-82C9-3A93AC95B61D}.Release|Any CPU.ActiveCfg = Release|Any CPU
		{920F1CF2-EF4E-46DD-82C9-3A93AC95B61D}.Release|Any CPU.Build.0 = Release|Any CPU
		{4771F436-F68D-4023-9304-5206CAE21617}.Debug|Any CPU.ActiveCfg = Debug|Any CPU
		{4771F436-F68D-4023-9304-5206CAE21617}.Debug|Any CPU.Build.0 = Debug|Any CPU
		{4771F436-F68D-4023-9304-5206CAE21617}.Release|Any CPU.ActiveCfg = Release|Any CPU
		{4771F436-F68D-4023-9304-5206CAE21617}.Release|Any CPU.Build.0 = Release|Any CPU
		{9FA87754-0EE8-4E1E-B1F5-32400190BE11}.Debug|Any CPU.ActiveCfg = Debug|Any CPU
		{9FA87754-0EE8-4E1E-B1F5-32400190BE11}.Debug|Any CPU.Build.0 = Debug|Any CPU
		{9FA87754-0EE8-4E1E-B1F5-32400190BE11}.Release|Any CPU.ActiveCfg = Release|Any CPU
		{9FA87754-0EE8-4E1E-B1F5-32400190BE11}.Release|Any CPU.Build.0 = Release|Any CPU
		{6974DBEC-C24E-42E7-A670-7BE651C4CDAB}.Debug|Any CPU.ActiveCfg = Debug|Any CPU
		{6974DBEC-C24E-42E7-A670-7BE651C4CDAB}.Debug|Any CPU.Build.0 = Debug|Any CPU
		{6974DBEC-C24E-42E7-A670-7BE651C4CDAB}.Release|Any CPU.ActiveCfg = Release|Any CPU
		{6974DBEC-C24E-42E7-A670-7BE651C4CDAB}.Release|Any CPU.Build.0 = Release|Any CPU
		{7D604417-6952-4E7A-A376-9FFF13254B41}.Debug|Any CPU.ActiveCfg = Debug|Any CPU
		{7D604417-6952-4E7A-A376-9FFF13254B41}.Debug|Any CPU.Build.0 = Debug|Any CPU
		{7D604417-6952-4E7A-A376-9FFF13254B41}.Release|Any CPU.ActiveCfg = Release|Any CPU
		{7D604417-6952-4E7A-A376-9FFF13254B41}.Release|Any CPU.Build.0 = Release|Any CPU
		{485029D0-F4BB-4A56-9732-AC1618F8DB1B}.Debug|Any CPU.ActiveCfg = Debug|Any CPU
		{485029D0-F4BB-4A56-9732-AC1618F8DB1B}.Debug|Any CPU.Build.0 = Debug|Any CPU
		{485029D0-F4BB-4A56-9732-AC1618F8DB1B}.Release|Any CPU.ActiveCfg = Release|Any CPU
		{485029D0-F4BB-4A56-9732-AC1618F8DB1B}.Release|Any CPU.Build.0 = Release|Any CPU
	EndGlobalSection
EndGlobal
